
Microsoft Visual Studio Solution File, Format Version 12.00
# Visual Studio Version 17
VisualStudioVersion = 17.9.34728.123
MinimumVisualStudioVersion = 10.0.40219.1
Project("{2150E333-8FDC-42A3-9474-1A3956D46DE8}") = "Services", "Services", "{701D2767-7C37-4BA2-BBDF-FF1FB677433C}"
EndProject
Project("{2150E333-8FDC-42A3-9474-1A3956D46DE8}") = "Catalog", "Catalog", "{A5B57664-A63D-45DC-B459-C21A33A4755C}"
EndProject
Project("{FAE04EC0-301F-11D3-BF4B-00C04F79EFBC}") = "FreeCourse.Services.Catalog", "Services\Catalog\FreeCourse.Services.Catalog\FreeCourse.Services.Catalog.csproj", "{B7007A93-D3DE-4E4F-8DDA-DAAFEDA57D7C}"
EndProject
Global
	GlobalSection(SolutionConfigurationPlatforms) = preSolution
		Debug|Any CPU = Debug|Any CPU
		Release|Any CPU = Release|Any CPU
	EndGlobalSection
	GlobalSection(ProjectConfigurationPlatforms) = postSolution
		{B7007A93-D3DE-4E4F-8DDA-DAAFEDA57D7C}.Debug|Any CPU.ActiveCfg = Debug|Any CPU
		{B7007A93-D3DE-4E4F-8DDA-DAAFEDA57D7C}.Debug|Any CPU.Build.0 = Debug|Any CPU
		{B7007A93-D3DE-4E4F-8DDA-DAAFEDA57D7C}.Release|Any CPU.ActiveCfg = Release|Any CPU
		{B7007A93-D3DE-4E4F-8DDA-DAAFEDA57D7C}.Release|Any CPU.Build.0 = Release|Any CPU
	EndGlobalSection
	GlobalSection(SolutionProperties) = preSolution
		HideSolutionNode = FALSE
	EndGlobalSection
	GlobalSection(NestedProjects) = preSolution
		{A5B57664-A63D-45DC-B459-C21A33A4755C} = {701D2767-7C37-4BA2-BBDF-FF1FB677433C}
		{B7007A93-D3DE-4E4F-8DDA-DAAFEDA57D7C} = {A5B57664-A63D-45DC-B459-C21A33A4755C}
	EndGlobalSection
	GlobalSection(ExtensibilityGlobals) = postSolution
		SolutionGuid = {13305E4D-953D-498C-94CB-89F731B5BFDF}
	EndGlobalSection
EndGlobal
